
Microsoft Visual Studio Solution File, Format Version 12.00
# Visual Studio Version 16
VisualStudioVersion = 16.0.31005.135
MinimumVisualStudioVersion = 10.0.40219.1
Project("{9A19103F-16F7-4668-BE54-9A1E7A4F7556}") = "AfImageResizer", "AfImageResizer\AfImageResizer.csproj", "{FB3908EC-8C3D-4041-976A-660CB473A34B}"
EndProject
Project("{2150E333-8FDC-42A3-9474-1A3956D46DE8}") = "Solution Items", "Solution Items", "{6B57FEB3-C796-4076-A732-E9A965C7C39F}"
	ProjectSection(SolutionItems) = preProject
		docker-compose.yml = docker-compose.yml
		run-cosmodb.bat = run-cosmodb.bat
	EndProjectSection
EndProject
Global
	GlobalSection(SolutionConfigurationPlatforms) = preSolution
		Debug|Any CPU = Debug|Any CPU
		Release|Any CPU = Release|Any CPU
	EndGlobalSection
	GlobalSection(ProjectConfigurationPlatforms) = postSolution
		{FB3908EC-8C3D-4041-976A-660CB473A34B}.Debug|Any CPU.ActiveCfg = Debug|Any CPU
		{FB3908EC-8C3D-4041-976A-660CB473A34B}.Debug|Any CPU.Build.0 = Debug|Any CPU
		{FB3908EC-8C3D-4041-976A-660CB473A34B}.Release|Any CPU.ActiveCfg = Release|Any CPU
		{FB3908EC-8C3D-4041-976A-660CB473A34B}.Release|Any CPU.Build.0 = Release|Any CPU
	EndGlobalSection
	GlobalSection(SolutionProperties) = preSolution
		HideSolutionNode = FALSE
	EndGlobalSection
	GlobalSection(ExtensibilityGlobals) = postSolution
		SolutionGuid = {EDA7B6C9-7DFA-4066-A0D4-E33944FB9310}
	EndGlobalSection
EndGlobal
